
Microsoft Visual Studio Solution File, Format Version 12.00
# Visual Studio 2012
Project("{FAE04EC0-301F-11D3-BF4B-00C04F79EFBC}") = "TwilightImperiumMasterCompanion.Core", "TwilightImperiumMasterCompanion.Core\TwilightImperiumMasterCompanion.Core.csproj", "{C3D6A6A9-CFAC-46FF-9B64-86CDD2DA70AD}"
EndProject
Project("{FAE04EC0-301F-11D3-BF4B-00C04F79EFBC}") = "TwilightImperiumMasterCompanion.Droid", "TwilightImperiumMasterCompanion.Droid\TwilightImperiumMasterCompanion.Droid.csproj", "{344AB217-A6A2-4325-807D-45E5A92E7306}"
EndProject
Project("{FAE04EC0-301F-11D3-BF4B-00C04F79EFBC}") = "TwilightImperiumMasterCompanion.iOS", "TwilightImperiumMasterCompanion.iOS\TwilightImperiumMasterCompanion.iOS.csproj", "{D344F17B-D66C-4C4E-B34E-3BE84C6A8EE2}"
EndProject
Project("{FAE04EC0-301F-11D3-BF4B-00C04F79EFBC}") = "TwilightImperiumMasterCompanion.Test", "TwilightImperiumMasterCompanion.Test\TwilightImperiumMasterCompanion.Test.csproj", "{0419EF20-711F-495A-AE1A-4001BEA94F7F}"
EndProject
Project("{FAE04EC0-301F-11D3-BF4B-00C04F79EFBC}") = "TwilightImperiumMasterCompanion.iOS.Test", "TwilightImperiumMasterCompanion.iOS.Test\TwilightImperiumMasterCompanion.iOS.Test.csproj", "{0D5075BD-2E90-4446-9EE2-7BBF08AB3092}"
EndProject
Project("{FAE04EC0-301F-11D3-BF4B-00C04F79EFBC}") = "TwilightImperiumMasterCompanion.Droid.Test", "TwilightImperiumMasterCompanion.Droid.Test\TwilightImperiumMasterCompanion.Droid.Test.csproj", "{B26FF12C-BC86-45C6-9D22-8B3E4E76285B}"
EndProject
Project("{FAE04EC0-301F-11D3-BF4B-00C04F79EFBC}") = "TwilightImperiumMasterCompanion.UITests", "TwilightImperiumMasterCompanion.UITests\TwilightImperiumMasterCompanion.UITests.csproj", "{B5F0E6BC-2B98-448E-A879-019A0A770075}"
EndProject
Global
	GlobalSection(SolutionConfigurationPlatforms) = preSolution
		Debug|Any CPU = Debug|Any CPU
		Release|Any CPU = Release|Any CPU
		Debug|iPhoneSimulator = Debug|iPhoneSimulator
		Release|iPhone = Release|iPhone
		Release|iPhoneSimulator = Release|iPhoneSimulator
		Debug|iPhone = Debug|iPhone
	EndGlobalSection
	GlobalSection(ProjectConfigurationPlatforms) = postSolution
		{0419EF20-711F-495A-AE1A-4001BEA94F7F}.Debug|Any CPU.ActiveCfg = Debug|Any CPU
		{0419EF20-711F-495A-AE1A-4001BEA94F7F}.Debug|Any CPU.Build.0 = Debug|Any CPU
		{0419EF20-711F-495A-AE1A-4001BEA94F7F}.Debug|iPhone.ActiveCfg = Debug|Any CPU
		{0419EF20-711F-495A-AE1A-4001BEA94F7F}.Debug|iPhone.Build.0 = Debug|Any CPU
		{0419EF20-711F-495A-AE1A-4001BEA94F7F}.Debug|iPhoneSimulator.ActiveCfg = Debug|Any CPU
		{0419EF20-711F-495A-AE1A-4001BEA94F7F}.Debug|iPhoneSimulator.Build.0 = Debug|Any CPU
		{0419EF20-711F-495A-AE1A-4001BEA94F7F}.Release|Any CPU.ActiveCfg = Release|Any CPU
		{0419EF20-711F-495A-AE1A-4001BEA94F7F}.Release|Any CPU.Build.0 = Release|Any CPU
		{0419EF20-711F-495A-AE1A-4001BEA94F7F}.Release|iPhone.ActiveCfg = Release|Any CPU
		{0419EF20-711F-495A-AE1A-4001BEA94F7F}.Release|iPhone.Build.0 = Release|Any CPU
		{0419EF20-711F-495A-AE1A-4001BEA94F7F}.Release|iPhoneSimulator.ActiveCfg = Release|Any CPU
		{0419EF20-711F-495A-AE1A-4001BEA94F7F}.Release|iPhoneSimulator.Build.0 = Release|Any CPU
		{0D5075BD-2E90-4446-9EE2-7BBF08AB3092}.Debug|Any CPU.ActiveCfg = Debug|iPhoneSimulator
		{0D5075BD-2E90-4446-9EE2-7BBF08AB3092}.Debug|Any CPU.Build.0 = Debug|iPhoneSimulator
		{0D5075BD-2E90-4446-9EE2-7BBF08AB3092}.Debug|iPhone.ActiveCfg = Debug|iPhone
		{0D5075BD-2E90-4446-9EE2-7BBF08AB3092}.Debug|iPhone.Build.0 = Debug|iPhone
		{0D5075BD-2E90-4446-9EE2-7BBF08AB3092}.Debug|iPhoneSimulator.ActiveCfg = Debug|iPhoneSimulator
		{0D5075BD-2E90-4446-9EE2-7BBF08AB3092}.Debug|iPhoneSimulator.Build.0 = Debug|iPhoneSimulator
		{0D5075BD-2E90-4446-9EE2-7BBF08AB3092}.Release|Any CPU.ActiveCfg = Release|iPhone
		{0D5075BD-2E90-4446-9EE2-7BBF08AB3092}.Release|Any CPU.Build.0 = Release|iPhone
		{0D5075BD-2E90-4446-9EE2-7BBF08AB3092}.Release|iPhone.ActiveCfg = Release|iPhone
		{0D5075BD-2E90-4446-9EE2-7BBF08AB3092}.Release|iPhone.Build.0 = Release|iPhone
		{0D5075BD-2E90-4446-9EE2-7BBF08AB3092}.Release|iPhoneSimulator.ActiveCfg = Release|iPhoneSimulator
		{0D5075BD-2E90-4446-9EE2-7BBF08AB3092}.Release|iPhoneSimulator.Build.0 = Release|iPhoneSimulator
		{344AB217-A6A2-4325-807D-45E5A92E7306}.Debug|Any CPU.ActiveCfg = Debug|Any CPU
		{344AB217-A6A2-4325-807D-45E5A92E7306}.Debug|Any CPU.Build.0 = Debug|Any CPU
		{344AB217-A6A2-4325-807D-45E5A92E7306}.Debug|iPhone.ActiveCfg = Debug|Any CPU
		{344AB217-A6A2-4325-807D-45E5A92E7306}.Debug|iPhone.Build.0 = Debug|Any CPU
		{344AB217-A6A2-4325-807D-45E5A92E7306}.Debug|iPhoneSimulator.ActiveCfg = Debug|Any CPU
		{344AB217-A6A2-4325-807D-45E5A92E7306}.Debug|iPhoneSimulator.Build.0 = Debug|Any CPU
		{344AB217-A6A2-4325-807D-45E5A92E7306}.Release|Any CPU.ActiveCfg = Release|Any CPU
		{344AB217-A6A2-4325-807D-45E5A92E7306}.Release|Any CPU.Build.0 = Release|Any CPU
		{344AB217-A6A2-4325-807D-45E5A92E7306}.Release|iPhone.ActiveCfg = Release|Any CPU
		{344AB217-A6A2-4325-807D-45E5A92E7306}.Release|iPhone.Build.0 = Release|Any CPU
		{344AB217-A6A2-4325-807D-45E5A92E7306}.Release|iPhoneSimulator.ActiveCfg = Release|Any CPU
		{344AB217-A6A2-4325-807D-45E5A92E7306}.Release|iPhoneSimulator.Build.0 = Release|Any CPU
		{B26FF12C-BC86-45C6-9D22-8B3E4E76285B}.Debug|Any CPU.ActiveCfg = Debug|Any CPU
		{B26FF12C-BC86-45C6-9D22-8B3E4E76285B}.Debug|Any CPU.Build.0 = Debug|Any CPU
		{B26FF12C-BC86-45C6-9D22-8B3E4E76285B}.Debug|iPhone.ActiveCfg = Debug|Any CPU
		{B26FF12C-BC86-45C6-9D22-8B3E4E76285B}.Debug|iPhone.Build.0 = Debug|Any CPU
		{B26FF12C-BC86-45C6-9D22-8B3E4E76285B}.Debug|iPhoneSimulator.ActiveCfg = Debug|Any CPU
		{B26FF12C-BC86-45C6-9D22-8B3E4E76285B}.Debug|iPhoneSimulator.Build.0 = Debug|Any CPU
		{B26FF12C-BC86-45C6-9D22-8B3E4E76285B}.Release|Any CPU.ActiveCfg = Release|Any CPU
		{B26FF12C-BC86-45C6-9D22-8B3E4E76285B}.Release|Any CPU.Build.0 = Release|Any CPU
		{B26FF12C-BC86-45C6-9D22-8B3E4E76285B}.Release|iPhone.ActiveCfg = Release|Any CPU
		{B26FF12C-BC86-45C6-9D22-8B3E4E76285B}.Release|iPhone.Build.0 = Release|Any CPU
		{B26FF12C-BC86-45C6-9D22-8B3E4E76285B}.Release|iPhoneSimulator.ActiveCfg = Release|Any CPU
		{B26FF12C-BC86-45C6-9D22-8B3E4E76285B}.Release|iPhoneSimulator.Build.0 = Release|Any CPU
		{C3D6A6A9-CFAC-46FF-9B64-86CDD2DA70AD}.Debug|Any CPU.ActiveCfg = Debug|Any CPU
		{C3D6A6A9-CFAC-46FF-9B64-86CDD2DA70AD}.Debug|Any CPU.Build.0 = Debug|Any CPU
		{C3D6A6A9-CFAC-46FF-9B64-86CDD2DA70AD}.Debug|iPhone.ActiveCfg = Debug|Any CPU
		{C3D6A6A9-CFAC-46FF-9B64-86CDD2DA70AD}.Debug|iPhone.Build.0 = Debug|Any CPU
		{C3D6A6A9-CFAC-46FF-9B64-86CDD2DA70AD}.Debug|iPhoneSimulator.ActiveCfg = Debug|Any CPU
		{C3D6A6A9-CFAC-46FF-9B64-86CDD2DA70AD}.Debug|iPhoneSimulator.Build.0 = Debug|Any CPU
		{C3D6A6A9-CFAC-46FF-9B64-86CDD2DA70AD}.Release|Any CPU.ActiveCfg = Release|Any CPU
		{C3D6A6A9-CFAC-46FF-9B64-86CDD2DA70AD}.Release|Any CPU.Build.0 = Release|Any CPU
		{C3D6A6A9-CFAC-46FF-9B64-86CDD2DA70AD}.Release|iPhone.ActiveCfg = Release|Any CPU
		{C3D6A6A9-CFAC-46FF-9B64-86CDD2DA70AD}.Release|iPhone.Build.0 = Release|Any CPU
		{C3D6A6A9-CFAC-46FF-9B64-86CDD2DA70AD}.Release|iPhoneSimulator.ActiveCfg = Release|Any CPU
		{C3D6A6A9-CFAC-46FF-9B64-86CDD2DA70AD}.Release|iPhoneSimulator.Build.0 = Release|Any CPU
		{D344F17B-D66C-4C4E-B34E-3BE84C6A8EE2}.Debug|Any CPU.ActiveCfg = Debug|iPhoneSimulator
		{D344F17B-D66C-4C4E-B34E-3BE84C6A8EE2}.Debug|Any CPU.Build.0 = Debug|iPhoneSimulator
		{D344F17B-D66C-4C4E-B34E-3BE84C6A8EE2}.Debug|iPhone.ActiveCfg = Debug|iPhone
		{D344F17B-D66C-4C4E-B34E-3BE84C6A8EE2}.Debug|iPhone.Build.0 = Debug|iPhone
		{D344F17B-D66C-4C4E-B34E-3BE84C6A8EE2}.Debug|iPhoneSimulator.ActiveCfg = Debug|iPhoneSimulator
		{D344F17B-D66C-4C4E-B34E-3BE84C6A8EE2}.Debug|iPhoneSimulator.Build.0 = Debug|iPhoneSimulator
		{D344F17B-D66C-4C4E-B34E-3BE84C6A8EE2}.Release|Any CPU.ActiveCfg = Release|iPhone
		{D344F17B-D66C-4C4E-B34E-3BE84C6A8EE2}.Release|Any CPU.Build.0 = Release|iPhone
		{D344F17B-D66C-4C4E-B34E-3BE84C6A8EE2}.Release|iPhone.ActiveCfg = Release|iPhone
		{D344F17B-D66C-4C4E-B34E-3BE84C6A8EE2}.Release|iPhone.Build.0 = Release|iPhone
		{D344F17B-D66C-4C4E-B34E-3BE84C6A8EE2}.Release|iPhoneSimulator.ActiveCfg = Release|iPhoneSimulator
		{D344F17B-D66C-4C4E-B34E-3BE84C6A8EE2}.Release|iPhoneSimulator.Build.0 = Release|iPhoneSimulator
		{B5F0E6BC-2B98-448E-A879-019A0A770075}.Debug|Any CPU.ActiveCfg = Debug|Any CPU
		{B5F0E6BC-2B98-448E-A879-019A0A770075}.Debug|Any CPU.Build.0 = Debug|Any CPU
		{B5F0E6BC-2B98-448E-A879-019A0A770075}.Release|Any CPU.ActiveCfg = Release|Any CPU
		{B5F0E6BC-2B98-448E-A879-019A0A770075}.Release|Any CPU.Build.0 = Release|Any CPU
		{B5F0E6BC-2B98-448E-A879-019A0A770075}.Debug|iPhoneSimulator.ActiveCfg = Debug|Any CPU
		{B5F0E6BC-2B98-448E-A879-019A0A770075}.Debug|iPhoneSimulator.Build.0 = Debug|Any CPU
		{B5F0E6BC-2B98-448E-A879-019A0A770075}.Release|iPhone.ActiveCfg = Release|Any CPU
		{B5F0E6BC-2B98-448E-A879-019A0A770075}.Release|iPhone.Build.0 = Release|Any CPU
		{B5F0E6BC-2B98-448E-A879-019A0A770075}.Release|iPhoneSimulator.ActiveCfg = Release|Any CPU
		{B5F0E6BC-2B98-448E-A879-019A0A770075}.Release|iPhoneSimulator.Build.0 = Release|Any CPU
		{B5F0E6BC-2B98-448E-A879-019A0A770075}.Debug|iPhone.ActiveCfg = Debug|Any CPU
		{B5F0E6BC-2B98-448E-A879-019A0A770075}.Debug|iPhone.Build.0 = Debug|Any CPU
	EndGlobalSection
EndGlobal
